
Microsoft Visual Studio Solution File, Format Version 12.00
# Visual Studio Version 17
VisualStudioVersion = 17.9.34622.214
MinimumVisualStudioVersion = 10.0.40219.1
Project("{9A19103F-16F7-4668-BE54-9A1E7A4F7556}") = "Exercicio1.ConsoleApp1", "Exercicio1.ConsoleApp1\Exercicio1.ConsoleApp1.csproj", "{7C5FE09E-CE35-45B5-BB94-B91AE6649325}"
EndProject
Project("{2150E333-8FDC-42A3-9474-1A3956D46DE8}") = "Exercicio 1", "Exercicio 1", "{7A6E6B41-9091-4448-A49F-4B2334E5B3F2}"
EndProject
Project("{2150E333-8FDC-42A3-9474-1A3956D46DE8}") = "Exercicio 2", "Exercicio 2", "{546DB70F-625F-4B0E-AA01-C1E6B879D341}"
EndProject
Project("{9A19103F-16F7-4668-BE54-9A1E7A4F7556}") = "Exercicio2.ConsoleApp1", "Exercicio2.ConsoleApp1\Exercicio2.ConsoleApp1.csproj", "{433070A4-F984-41D0-B742-B3FB6D63AA68}"
EndProject
Project("{2150E333-8FDC-42A3-9474-1A3956D46DE8}") = "Exercicio 3", "Exercicio 3", "{B7DA3C1A-8D49-4BCB-B08C-508073AF8AA0}"
EndProject
Project("{9A19103F-16F7-4668-BE54-9A1E7A4F7556}") = "Exercicio3.ConsoleApp1", "Exercicio3.ConsoleApp1\Exercicio3.ConsoleApp1.csproj", "{2C1DF002-56B7-4BC5-99F6-82894BC1D175}"
EndProject
Project("{2150E333-8FDC-42A3-9474-1A3956D46DE8}") = "Exercicio 4", "Exercicio 4", "{96089595-288A-47B7-B837-692839633192}"
EndProject
Project("{9A19103F-16F7-4668-BE54-9A1E7A4F7556}") = "Exercicio4.ConsoleApp1", "Exercicio4.ConsoleApp1\Exercicio4.ConsoleApp1.csproj", "{242906E5-FDDF-448D-9A2B-B33CA95518D4}"
EndProject
Project("{2150E333-8FDC-42A3-9474-1A3956D46DE8}") = "Exercicio 5", "Exercicio 5", "{80171E43-E466-47AB-8E92-30417DF5A6AB}"
EndProject
Project("{9A19103F-16F7-4668-BE54-9A1E7A4F7556}") = "Exercicio5.ConsoleApp1", "Exercicio5.ConsoleApp1\Exercicio5.ConsoleApp1.csproj", "{80E03577-71DD-4E17-A0CE-C0A21D8C483B}"
EndProject
Project("{2150E333-8FDC-42A3-9474-1A3956D46DE8}") = "Exercicio 6", "Exercicio 6", "{F1B83958-724F-48E5-957B-4AC9F29E4033}"
EndProject
Project("{9A19103F-16F7-4668-BE54-9A1E7A4F7556}") = "Exercicio6.ConsoleApp1", "Exercicio6.ConsoleApp1\Exercicio6.ConsoleApp1.csproj", "{F415DEAA-347F-415F-B581-7524847232D3}"
EndProject
Project("{2150E333-8FDC-42A3-9474-1A3956D46DE8}") = "Exercicio 7", "Exercicio 7", "{4E665341-2333-459B-A902-8330DD41409D}"
EndProject
Project("{9A19103F-16F7-4668-BE54-9A1E7A4F7556}") = "Exercicio7.ConsoleApp1", "Exercicio7.ConsoleApp1\Exercicio7.ConsoleApp1.csproj", "{E4F8CEC5-6AEF-4AF9-BC37-3E368A2DDAF8}"
EndProject
Project("{2150E333-8FDC-42A3-9474-1A3956D46DE8}") = "Exercicio 8", "Exercicio 8", "{7D8BD490-8F31-4900-89CF-FC0E73B7E02C}"
EndProject
Project("{9A19103F-16F7-4668-BE54-9A1E7A4F7556}") = "Exercicio8.ConsoleApp1", "Exercicio8.ConsoleApp1\Exercicio8.ConsoleApp1.csproj", "{11A40516-2E68-4D55-8033-16B80C72A93D}"
EndProject
Project("{2150E333-8FDC-42A3-9474-1A3956D46DE8}") = "Exercicio 9", "Exercicio 9", "{59F7AAEC-8A73-463F-8B4B-A454447B3D59}"
EndProject
Project("{9A19103F-16F7-4668-BE54-9A1E7A4F7556}") = "Exercicio9.ConsoleApp1", "Exercicio9.ConsoleApp1\Exercicio9.ConsoleApp1.csproj", "{9E3D931A-61D6-4B7F-BFBD-D8F28031F16C}"
EndProject
Project("{2150E333-8FDC-42A3-9474-1A3956D46DE8}") = "Exercicio 10", "Exercicio 10", "{31BB3DA7-22A4-4677-B09C-62766757B28E}"
EndProject
Project("{9A19103F-16F7-4668-BE54-9A1E7A4F7556}") = "Exercicio10.ConsoleApp1", "Exercicio10.ConsoleApp1\Exercicio10.ConsoleApp1.csproj", "{A24CEC3E-DED0-4980-8453-23F123FA6CC4}"
EndProject
Project("{2150E333-8FDC-42A3-9474-1A3956D46DE8}") = "Exercicio 12", "Exercicio 12", "{BFABAC0E-C881-42A1-BA1A-7CEB5F43A46B}"
EndProject
Project("{9A19103F-16F7-4668-BE54-9A1E7A4F7556}") = "Exercicio12.ConsoleApp1", "Exercicio12.ConsoleApp1\Exercicio12.ConsoleApp1.csproj", "{CBB14E4B-09F1-432B-826A-0E4B9257D236}"
EndProject
Project("{2150E333-8FDC-42A3-9474-1A3956D46DE8}") = "Exercicio 13", "Exercicio 13", "{07B0B079-64F0-4B3B-9725-DAB0914609EC}"
EndProject
Project("{9A19103F-16F7-4668-BE54-9A1E7A4F7556}") = "Exercicio13.ConsoleApp1", "Exercicio13.ConsoleApp1\Exercicio13.ConsoleApp1.csproj", "{B5771DB0-5DD5-4D3B-8424-60A21B0FBD13}"
EndProject
Project("{2150E333-8FDC-42A3-9474-1A3956D46DE8}") = "Exercicio 14", "Exercicio 14", "{2F8035EE-6A92-445E-A266-C3D583208041}"
EndProject
Project("{9A19103F-16F7-4668-BE54-9A1E7A4F7556}") = "Exercicio14.ConsoleApp1", "Exercicio14.ConsoleApp1\Exercicio14.ConsoleApp1.csproj", "{209694F1-7B0B-4898-8530-D28448C054EE}"
EndProject
Project("{2150E333-8FDC-42A3-9474-1A3956D46DE8}") = "Exercicio 16", "Exercicio 16", "{92EB0AFC-9999-442A-A0A9-1D6F78678575}"
EndProject
Project("{FAE04EC0-301F-11D3-BF4B-00C04F79EFBC}") = "Exercicio16.ConsoleApp1", "Exercicio16.ConsoleApp1\Exercicio16.ConsoleApp1.csproj", "{937A6FDC-696B-433C-B061-16E4280886BF}"
EndProject
Project("{2150E333-8FDC-42A3-9474-1A3956D46DE8}") = "Exercicio 17", "Exercicio 17", "{66C1F099-71AA-4D48-8371-BFC3DE712E25}"
EndProject
Project("{FAE04EC0-301F-11D3-BF4B-00C04F79EFBC}") = "Exercicio17.ConsoleApp1", "Exercicio17.ConsoleApp1\Exercicio17.ConsoleApp1.csproj", "{BEEB08E2-5547-4594-A0BE-A96C0EABB2D2}"
EndProject
Project("{2150E333-8FDC-42A3-9474-1A3956D46DE8}") = "Exercicio 18", "Exercicio 18", "{6E11D1B3-138A-46AF-ADC5-7E35DAB3EABD}"
EndProject
Project("{FAE04EC0-301F-11D3-BF4B-00C04F79EFBC}") = "Exercicio18.ConsoleApp1", "Exercicio18.ConsoleApp1\Exercicio18.ConsoleApp1.csproj", "{6CD7345E-E2F8-4DAF-BAB5-107F2272FA88}"
EndProject
Project("{2150E333-8FDC-42A3-9474-1A3956D46DE8}") = "Exercicio 19", "Exercicio 19", "{9A1D875D-814F-4342-9920-3F802C96A88F}"
EndProject
Project("{FAE04EC0-301F-11D3-BF4B-00C04F79EFBC}") = "Exercicio19.ConsoleApp1", "Exercicio19.ConsoleApp1\Exercicio19.ConsoleApp1.csproj", "{07290105-D5BC-4FC8-9725-9BC24441CA2B}"
EndProject
Project("{2150E333-8FDC-42A3-9474-1A3956D46DE8}") = "Exercicio 20", "Exercicio 20", "{BD874E2C-6836-449E-91E6-2FC27B375370}"
EndProject
Project("{FAE04EC0-301F-11D3-BF4B-00C04F79EFBC}") = "Exercicio20.ConsoleApp1", "Exercicio20.ConsoleApp1\Exercicio20.ConsoleApp1.csproj", "{ABED359E-177D-432A-B766-D137C6C24B95}"
EndProject
Project("{2150E333-8FDC-42A3-9474-1A3956D46DE8}") = "Exercicio 21", "Exercicio 21", "{72F911E9-486D-4927-803E-38BB2DB85FCC}"
EndProject
Project("{FAE04EC0-301F-11D3-BF4B-00C04F79EFBC}") = "Exercicio21.ConsoleApp1", "Exercicio21.ConsoleApp1\Exercicio21.ConsoleApp1.csproj", "{2FA1A515-A3B9-4A67-9E64-7A8EE05A1F03}"
EndProject
Project("{2150E333-8FDC-42A3-9474-1A3956D46DE8}") = "Exercicio 22", "Exercicio 22", "{1386707A-063B-4798-B89F-858258C96F83}"
EndProject
Project("{FAE04EC0-301F-11D3-BF4B-00C04F79EFBC}") = "Exercicio22.ConsoleApp1", "Exercicio22.ConsoleApp1\Exercicio22.ConsoleApp1.csproj", "{AF2BC82B-8320-4EA6-A234-D44A0BE7395D}"
EndProject
Project("{2150E333-8FDC-42A3-9474-1A3956D46DE8}") = "Exercicio 23", "Exercicio 23", "{8798E7FA-68D5-4AF2-8208-D73EC9DFEC0F}"
EndProject
Project("{FAE04EC0-301F-11D3-BF4B-00C04F79EFBC}") = "Exercicio23.ConsoleApp1", "Exercicio23.ConsoleApp1\Exercicio23.ConsoleApp1.csproj", "{A77BA15E-2816-40D3-979A-4EEA865FDE4F}"
EndProject
Project("{2150E333-8FDC-42A3-9474-1A3956D46DE8}") = "Exercicio 24", "Exercicio 24", "{8F6B9B25-82B0-4090-BEBB-19A504FF9E7F}"
EndProject
Project("{FAE04EC0-301F-11D3-BF4B-00C04F79EFBC}") = "Exercicio24.ConsoleApp1", "Exercicio24.ConsoleApp1\Exercicio24.ConsoleApp1.csproj", "{FA986FCB-1946-4257-A1F5-0DDF92D9DFFB}"
EndProject
Project("{2150E333-8FDC-42A3-9474-1A3956D46DE8}") = "Exercicio 25", "Exercicio 25", "{65841801-FFB8-4F39-B9DD-4337B9D596E7}"
EndProject
Project("{FAE04EC0-301F-11D3-BF4B-00C04F79EFBC}") = "Exercicio25.ConsoleApp1", "Exercicio25.ConsoleApp1\Exercicio25.ConsoleApp1.csproj", "{A5B658D7-8600-43E1-AC99-0B0A596D12CC}"
EndProject
Project("{2150E333-8FDC-42A3-9474-1A3956D46DE8}") = "Exercicio 26", "Exercicio 26", "{D4487036-2999-4DA3-925E-B7E8E0BCDF5E}"
EndProject
Project("{FAE04EC0-301F-11D3-BF4B-00C04F79EFBC}") = "Exercicio26.ConsoleApp1", "Exercicio26.ConsoleApp1\Exercicio26.ConsoleApp1.csproj", "{3004DFCE-06B7-4AC0-B50D-CC85D5380FAA}"
EndProject
Project("{2150E333-8FDC-42A3-9474-1A3956D46DE8}") = "Exercicio 27", "Exercicio 27", "{5A9832BE-F113-4CC6-BD96-5CF44E683706}"
EndProject
Project("{FAE04EC0-301F-11D3-BF4B-00C04F79EFBC}") = "Exercicio27.ConsoleApp1", "Exercicio27.ConsoleApp1\Exercicio27.ConsoleApp1.csproj", "{80794CED-6BE8-43B5-9AF0-8082C33D848C}"
EndProject
Project("{2150E333-8FDC-42A3-9474-1A3956D46DE8}") = "Exercicio 28", "Exercicio 28", "{6EB0197F-A901-4A07-8E4F-7FCB42913E09}"
EndProject
Project("{FAE04EC0-301F-11D3-BF4B-00C04F79EFBC}") = "Exercicio28.ConsoleApp1", "Exercicio28.ConsoleApp1\Exercicio28.ConsoleApp1.csproj", "{D805E978-BFBD-4A38-886C-66834B5AD386}"
EndProject
Global
	GlobalSection(SolutionConfigurationPlatforms) = preSolution
		Debug|Any CPU = Debug|Any CPU
		Release|Any CPU = Release|Any CPU
	EndGlobalSection
	GlobalSection(ProjectConfigurationPlatforms) = postSolution
		{7C5FE09E-CE35-45B5-BB94-B91AE6649325}.Debug|Any CPU.ActiveCfg = Debug|Any CPU
		{7C5FE09E-CE35-45B5-BB94-B91AE6649325}.Debug|Any CPU.Build.0 = Debug|Any CPU
		{7C5FE09E-CE35-45B5-BB94-B91AE6649325}.Release|Any CPU.ActiveCfg = Release|Any CPU
		{7C5FE09E-CE35-45B5-BB94-B91AE6649325}.Release|Any CPU.Build.0 = Release|Any CPU
		{433070A4-F984-41D0-B742-B3FB6D63AA68}.Debug|Any CPU.ActiveCfg = Debug|Any CPU
		{433070A4-F984-41D0-B742-B3FB6D63AA68}.Debug|Any CPU.Build.0 = Debug|Any CPU
		{433070A4-F984-41D0-B742-B3FB6D63AA68}.Release|Any CPU.ActiveCfg = Release|Any CPU
		{433070A4-F984-41D0-B742-B3FB6D63AA68}.Release|Any CPU.Build.0 = Release|Any CPU
		{2C1DF002-56B7-4BC5-99F6-82894BC1D175}.Debug|Any CPU.ActiveCfg = Debug|Any CPU
		{2C1DF002-56B7-4BC5-99F6-82894BC1D175}.Debug|Any CPU.Build.0 = Debug|Any CPU
		{2C1DF002-56B7-4BC5-99F6-82894BC1D175}.Release|Any CPU.ActiveCfg = Release|Any CPU
		{2C1DF002-56B7-4BC5-99F6-82894BC1D175}.Release|Any CPU.Build.0 = Release|Any CPU
		{242906E5-FDDF-448D-9A2B-B33CA95518D4}.Debug|Any CPU.ActiveCfg = Debug|Any CPU
		{242906E5-FDDF-448D-9A2B-B33CA95518D4}.Debug|Any CPU.Build.0 = Debug|Any CPU
		{242906E5-FDDF-448D-9A2B-B33CA95518D4}.Release|Any CPU.ActiveCfg = Release|Any CPU
		{242906E5-FDDF-448D-9A2B-B33CA95518D4}.Release|Any CPU.Build.0 = Release|Any CPU
		{80E03577-71DD-4E17-A0CE-C0A21D8C483B}.Debug|Any CPU.ActiveCfg = Debug|Any CPU
		{80E03577-71DD-4E17-A0CE-C0A21D8C483B}.Debug|Any CPU.Build.0 = Debug|Any CPU
		{80E03577-71DD-4E17-A0CE-C0A21D8C483B}.Release|Any CPU.ActiveCfg = Release|Any CPU
		{80E03577-71DD-4E17-A0CE-C0A21D8C483B}.Release|Any CPU.Build.0 = Release|Any CPU
		{F415DEAA-347F-415F-B581-7524847232D3}.Debug|Any CPU.ActiveCfg = Debug|Any CPU
		{F415DEAA-347F-415F-B581-7524847232D3}.Debug|Any CPU.Build.0 = Debug|Any CPU
		{F415DEAA-347F-415F-B581-7524847232D3}.Release|Any CPU.ActiveCfg = Release|Any CPU
		{F415DEAA-347F-415F-B581-7524847232D3}.Release|Any CPU.Build.0 = Release|Any CPU
		{E4F8CEC5-6AEF-4AF9-BC37-3E368A2DDAF8}.Debug|Any CPU.ActiveCfg = Debug|Any CPU
		{E4F8CEC5-6AEF-4AF9-BC37-3E368A2DDAF8}.Debug|Any CPU.Build.0 = Debug|Any CPU
		{E4F8CEC5-6AEF-4AF9-BC37-3E368A2DDAF8}.Release|Any CPU.ActiveCfg = Release|Any CPU
		{E4F8CEC5-6AEF-4AF9-BC37-3E368A2DDAF8}.Release|Any CPU.Build.0 = Release|Any CPU
		{11A40516-2E68-4D55-8033-16B80C72A93D}.Debug|Any CPU.ActiveCfg = Debug|Any CPU
		{11A40516-2E68-4D55-8033-16B80C72A93D}.Debug|Any CPU.Build.0 = Debug|Any CPU
		{11A40516-2E68-4D55-8033-16B80C72A93D}.Release|Any CPU.ActiveCfg = Release|Any CPU
		{11A40516-2E68-4D55-8033-16B80C72A93D}.Release|Any CPU.Build.0 = Release|Any CPU
		{9E3D931A-61D6-4B7F-BFBD-D8F28031F16C}.Debug|Any CPU.ActiveCfg = Debug|Any CPU
		{9E3D931A-61D6-4B7F-BFBD-D8F28031F16C}.Debug|Any CPU.Build.0 = Debug|Any CPU
		{9E3D931A-61D6-4B7F-BFBD-D8F28031F16C}.Release|Any CPU.ActiveCfg = Release|Any CPU
		{9E3D931A-61D6-4B7F-BFBD-D8F28031F16C}.Release|Any CPU.Build.0 = Release|Any CPU
		{A24CEC3E-DED0-4980-8453-23F123FA6CC4}.Debug|Any CPU.ActiveCfg = Debug|Any CPU
		{A24CEC3E-DED0-4980-8453-23F123FA6CC4}.Debug|Any CPU.Build.0 = Debug|Any CPU
		{A24CEC3E-DED0-4980-8453-23F123FA6CC4}.Release|Any CPU.ActiveCfg = Release|Any CPU
		{A24CEC3E-DED0-4980-8453-23F123FA6CC4}.Release|Any CPU.Build.0 = Release|Any CPU
		{CBB14E4B-09F1-432B-826A-0E4B9257D236}.Debug|Any CPU.ActiveCfg = Debug|Any CPU
		{CBB14E4B-09F1-432B-826A-0E4B9257D236}.Debug|Any CPU.Build.0 = Debug|Any CPU
		{CBB14E4B-09F1-432B-826A-0E4B9257D236}.Release|Any CPU.ActiveCfg = Release|Any CPU
		{CBB14E4B-09F1-432B-826A-0E4B9257D236}.Release|Any CPU.Build.0 = Release|Any CPU
		{B5771DB0-5DD5-4D3B-8424-60A21B0FBD13}.Debug|Any CPU.ActiveCfg = Debug|Any CPU
		{B5771DB0-5DD5-4D3B-8424-60A21B0FBD13}.Debug|Any CPU.Build.0 = Debug|Any CPU
		{B5771DB0-5DD5-4D3B-8424-60A21B0FBD13}.Release|Any CPU.ActiveCfg = Release|Any CPU
		{B5771DB0-5DD5-4D3B-8424-60A21B0FBD13}.Release|Any CPU.Build.0 = Release|Any CPU
		{209694F1-7B0B-4898-8530-D28448C054EE}.Debug|Any CPU.ActiveCfg = Debug|Any CPU
		{209694F1-7B0B-4898-8530-D28448C054EE}.Debug|Any CPU.Build.0 = Debug|Any CPU
		{209694F1-7B0B-4898-8530-D28448C054EE}.Release|Any CPU.ActiveCfg = Release|Any CPU
		{209694F1-7B0B-4898-8530-D28448C054EE}.Release|Any CPU.Build.0 = Release|Any CPU
		{937A6FDC-696B-433C-B061-16E4280886BF}.Debug|Any CPU.ActiveCfg = Debug|Any CPU
		{937A6FDC-696B-433C-B061-16E4280886BF}.Debug|Any CPU.Build.0 = Debug|Any CPU
		{937A6FDC-696B-433C-B061-16E4280886BF}.Release|Any CPU.ActiveCfg = Release|Any CPU
		{937A6FDC-696B-433C-B061-16E4280886BF}.Release|Any CPU.Build.0 = Release|Any CPU
		{BEEB08E2-5547-4594-A0BE-A96C0EABB2D2}.Debug|Any CPU.ActiveCfg = Debug|Any CPU
		{BEEB08E2-5547-4594-A0BE-A96C0EABB2D2}.Debug|Any CPU.Build.0 = Debug|Any CPU
		{BEEB08E2-5547-4594-A0BE-A96C0EABB2D2}.Release|Any CPU.ActiveCfg = Release|Any CPU
		{BEEB08E2-5547-4594-A0BE-A96C0EABB2D2}.Release|Any CPU.Build.0 = Release|Any CPU
		{6CD7345E-E2F8-4DAF-BAB5-107F2272FA88}.Debug|Any CPU.ActiveCfg = Debug|Any CPU
		{6CD7345E-E2F8-4DAF-BAB5-107F2272FA88}.Debug|Any CPU.Build.0 = Debug|Any CPU
		{6CD7345E-E2F8-4DAF-BAB5-107F2272FA88}.Release|Any CPU.ActiveCfg = Release|Any CPU
		{6CD7345E-E2F8-4DAF-BAB5-107F2272FA88}.Release|Any CPU.Build.0 = Release|Any CPU
		{07290105-D5BC-4FC8-9725-9BC24441CA2B}.Debug|Any CPU.ActiveCfg = Debug|Any CPU
		{07290105-D5BC-4FC8-9725-9BC24441CA2B}.Debug|Any CPU.Build.0 = Debug|Any CPU
		{07290105-D5BC-4FC8-9725-9BC24441CA2B}.Release|Any CPU.ActiveCfg = Release|Any CPU
		{07290105-D5BC-4FC8-9725-9BC24441CA2B}.Release|Any CPU.Build.0 = Release|Any CPU
		{ABED359E-177D-432A-B766-D137C6C24B95}.Debug|Any CPU.ActiveCfg = Debug|Any CPU
		{ABED359E-177D-432A-B766-D137C6C24B95}.Debug|Any CPU.Build.0 = Debug|Any CPU
		{ABED359E-177D-432A-B766-D137C6C24B95}.Release|Any CPU.ActiveCfg = Release|Any CPU
		{ABED359E-177D-432A-B766-D137C6C24B95}.Release|Any CPU.Build.0 = Release|Any CPU
		{2FA1A515-A3B9-4A67-9E64-7A8EE05A1F03}.Debug|Any CPU.ActiveCfg = Debug|Any CPU
		{2FA1A515-A3B9-4A67-9E64-7A8EE05A1F03}.Debug|Any CPU.Build.0 = Debug|Any CPU
		{2FA1A515-A3B9-4A67-9E64-7A8EE05A1F03}.Release|Any CPU.ActiveCfg = Release|Any CPU
		{2FA1A515-A3B9-4A67-9E64-7A8EE05A1F03}.Release|Any CPU.Build.0 = Release|Any CPU
		{AF2BC82B-8320-4EA6-A234-D44A0BE7395D}.Debug|Any CPU.ActiveCfg = Debug|Any CPU
		{AF2BC82B-8320-4EA6-A234-D44A0BE7395D}.Debug|Any CPU.Build.0 = Debug|Any CPU
		{AF2BC82B-8320-4EA6-A234-D44A0BE7395D}.Release|Any CPU.ActiveCfg = Release|Any CPU
		{AF2BC82B-8320-4EA6-A234-D44A0BE7395D}.Release|Any CPU.Build.0 = Release|Any CPU
		{A77BA15E-2816-40D3-979A-4EEA865FDE4F}.Debug|Any CPU.ActiveCfg = Debug|Any CPU
		{A77BA15E-2816-40D3-979A-4EEA865FDE4F}.Debug|Any CPU.Build.0 = Debug|Any CPU
		{A77BA15E-2816-40D3-979A-4EEA865FDE4F}.Release|Any CPU.ActiveCfg = Release|Any CPU
		{A77BA15E-2816-40D3-979A-4EEA865FDE4F}.Release|Any CPU.Build.0 = Release|Any CPU
		{FA986FCB-1946-4257-A1F5-0DDF92D9DFFB}.Debug|Any CPU.ActiveCfg = Debug|Any CPU
		{FA986FCB-1946-4257-A1F5-0DDF92D9DFFB}.Debug|Any CPU.Build.0 = Debug|Any CPU
		{FA986FCB-1946-4257-A1F5-0DDF92D9DFFB}.Release|Any CPU.ActiveCfg = Release|Any CPU
		{FA986FCB-1946-4257-A1F5-0DDF92D9DFFB}.Release|Any CPU.Build.0 = Release|Any CPU
		{A5B658D7-8600-43E1-AC99-0B0A596D12CC}.Debug|Any CPU.ActiveCfg = Debug|Any CPU
		{A5B658D7-8600-43E1-AC99-0B0A596D12CC}.Debug|Any CPU.Build.0 = Debug|Any CPU
		{A5B658D7-8600-43E1-AC99-0B0A596D12CC}.Release|Any CPU.ActiveCfg = Release|Any CPU
		{A5B658D7-8600-43E1-AC99-0B0A596D12CC}.Release|Any CPU.Build.0 = Release|Any CPU
		{3004DFCE-06B7-4AC0-B50D-CC85D5380FAA}.Debug|Any CPU.ActiveCfg = Debug|Any CPU
		{3004DFCE-06B7-4AC0-B50D-CC85D5380FAA}.Debug|Any CPU.Build.0 = Debug|Any CPU
		{3004DFCE-06B7-4AC0-B50D-CC85D5380FAA}.Release|Any CPU.ActiveCfg = Release|Any CPU
		{3004DFCE-06B7-4AC0-B50D-CC85D5380FAA}.Release|Any CPU.Build.0 = Release|Any CPU
		{80794CED-6BE8-43B5-9AF0-8082C33D848C}.Debug|Any CPU.ActiveCfg = Debug|Any CPU
		{80794CED-6BE8-43B5-9AF0-8082C33D848C}.Debug|Any CPU.Build.0 = Debug|Any CPU
		{80794CED-6BE8-43B5-9AF0-8082C33D848C}.Release|Any CPU.ActiveCfg = Release|Any CPU
		{80794CED-6BE8-43B5-9AF0-8082C33D848C}.Release|Any CPU.Build.0 = Release|Any CPU
		{D805E978-BFBD-4A38-886C-66834B5AD386}.Debug|Any CPU.ActiveCfg = Debug|Any CPU
		{D805E978-BFBD-4A38-886C-66834B5AD386}.Debug|Any CPU.Build.0 = Debug|Any CPU
		{D805E978-BFBD-4A38-886C-66834B5AD386}.Release|Any CPU.ActiveCfg = Release|Any CPU
		{D805E978-BFBD-4A38-886C-66834B5AD386}.Release|Any CPU.Build.0 = Release|Any CPU
	EndGlobalSection
	GlobalSection(SolutionProperties) = preSolution
		HideSolutionNode = FALSE
	EndGlobalSection
	GlobalSection(NestedProjects) = preSolution
		{7C5FE09E-CE35-45B5-BB94-B91AE6649325} = {7A6E6B41-9091-4448-A49F-4B2334E5B3F2}
		{433070A4-F984-41D0-B742-B3FB6D63AA68} = {546DB70F-625F-4B0E-AA01-C1E6B879D341}
		{2C1DF002-56B7-4BC5-99F6-82894BC1D175} = {B7DA3C1A-8D49-4BCB-B08C-508073AF8AA0}
		{242906E5-FDDF-448D-9A2B-B33CA95518D4} = {96089595-288A-47B7-B837-692839633192}
		{80E03577-71DD-4E17-A0CE-C0A21D8C483B} = {80171E43-E466-47AB-8E92-30417DF5A6AB}
		{F415DEAA-347F-415F-B581-7524847232D3} = {F1B83958-724F-48E5-957B-4AC9F29E4033}
		{E4F8CEC5-6AEF-4AF9-BC37-3E368A2DDAF8} = {4E665341-2333-459B-A902-8330DD41409D}
		{11A40516-2E68-4D55-8033-16B80C72A93D} = {7D8BD490-8F31-4900-89CF-FC0E73B7E02C}
		{9E3D931A-61D6-4B7F-BFBD-D8F28031F16C} = {59F7AAEC-8A73-463F-8B4B-A454447B3D59}
		{A24CEC3E-DED0-4980-8453-23F123FA6CC4} = {31BB3DA7-22A4-4677-B09C-62766757B28E}
		{CBB14E4B-09F1-432B-826A-0E4B9257D236} = {BFABAC0E-C881-42A1-BA1A-7CEB5F43A46B}
		{B5771DB0-5DD5-4D3B-8424-60A21B0FBD13} = {07B0B079-64F0-4B3B-9725-DAB0914609EC}
		{209694F1-7B0B-4898-8530-D28448C054EE} = {2F8035EE-6A92-445E-A266-C3D583208041}
		{937A6FDC-696B-433C-B061-16E4280886BF} = {92EB0AFC-9999-442A-A0A9-1D6F78678575}
		{BEEB08E2-5547-4594-A0BE-A96C0EABB2D2} = {66C1F099-71AA-4D48-8371-BFC3DE712E25}
		{6CD7345E-E2F8-4DAF-BAB5-107F2272FA88} = {6E11D1B3-138A-46AF-ADC5-7E35DAB3EABD}
		{07290105-D5BC-4FC8-9725-9BC24441CA2B} = {9A1D875D-814F-4342-9920-3F802C96A88F}
		{ABED359E-177D-432A-B766-D137C6C24B95} = {BD874E2C-6836-449E-91E6-2FC27B375370}
		{2FA1A515-A3B9-4A67-9E64-7A8EE05A1F03} = {72F911E9-486D-4927-803E-38BB2DB85FCC}
		{AF2BC82B-8320-4EA6-A234-D44A0BE7395D} = {1386707A-063B-4798-B89F-858258C96F83}
		{A77BA15E-2816-40D3-979A-4EEA865FDE4F} = {8798E7FA-68D5-4AF2-8208-D73EC9DFEC0F}
		{FA986FCB-1946-4257-A1F5-0DDF92D9DFFB} = {8F6B9B25-82B0-4090-BEBB-19A504FF9E7F}
		{A5B658D7-8600-43E1-AC99-0B0A596D12CC} = {65841801-FFB8-4F39-B9DD-4337B9D596E7}
		{3004DFCE-06B7-4AC0-B50D-CC85D5380FAA} = {D4487036-2999-4DA3-925E-B7E8E0BCDF5E}
		{80794CED-6BE8-43B5-9AF0-8082C33D848C} = {5A9832BE-F113-4CC6-BD96-5CF44E683706}
		{D805E978-BFBD-4A38-886C-66834B5AD386} = {6EB0197F-A901-4A07-8E4F-7FCB42913E09}
	EndGlobalSection
	GlobalSection(ExtensibilityGlobals) = postSolution
		SolutionGuid = {39CCE9DC-0F34-4C83-A1CE-6E01B36C8FA7}
	EndGlobalSection
EndGlobal
