
Microsoft Visual Studio Solution File, Format Version 12.00
# Visual Studio Version 17
VisualStudioVersion = 17.9.34622.214
MinimumVisualStudioVersion = 10.0.40219.1
Project("{9A19103F-16F7-4668-BE54-9A1E7A4F7556}") = "Exercicio1.ConsoleApp1", "Exercicio1.ConsoleApp1\Exercicio1.ConsoleApp1.csproj", "{7C5FE09E-CE35-45B5-BB94-B91AE6649325}"
EndProject
Project("{2150E333-8FDC-42A3-9474-1A3956D46DE8}") = "Exercicio 1", "Exercicio 1", "{7A6E6B41-9091-4448-A49F-4B2334E5B3F2}"
EndProject
Project("{2150E333-8FDC-42A3-9474-1A3956D46DE8}") = "Exercicio 2", "Exercicio 2", "{546DB70F-625F-4B0E-AA01-C1E6B879D341}"
EndProject
Project("{9A19103F-16F7-4668-BE54-9A1E7A4F7556}") = "Exercicio2.ConsoleApp1", "Exercicio2.ConsoleApp1\Exercicio2.ConsoleApp1.csproj", "{433070A4-F984-41D0-B742-B3FB6D63AA68}"
EndProject
Project("{2150E333-8FDC-42A3-9474-1A3956D46DE8}") = "Exercicio 3", "Exercicio 3", "{B7DA3C1A-8D49-4BCB-B08C-508073AF8AA0}"
EndProject
Project("{9A19103F-16F7-4668-BE54-9A1E7A4F7556}") = "Exercicio3.ConsoleApp1", "Exercicio3.ConsoleApp1\Exercicio3.ConsoleApp1.csproj", "{2C1DF002-56B7-4BC5-99F6-82894BC1D175}"
EndProject
Project("{2150E333-8FDC-42A3-9474-1A3956D46DE8}") = "Exercicio 4", "Exercicio 4", "{96089595-288A-47B7-B837-692839633192}"
EndProject
Project("{9A19103F-16F7-4668-BE54-9A1E7A4F7556}") = "Exercicio4.ConsoleApp1", "Exercicio4.ConsoleApp1\Exercicio4.ConsoleApp1.csproj", "{242906E5-FDDF-448D-9A2B-B33CA95518D4}"
EndProject
Project("{2150E333-8FDC-42A3-9474-1A3956D46DE8}") = "Exercicio 5", "Exercicio 5", "{80171E43-E466-47AB-8E92-30417DF5A6AB}"
EndProject
Project("{9A19103F-16F7-4668-BE54-9A1E7A4F7556}") = "Exercicio5.ConsoleApp1", "Exercicio5.ConsoleApp1\Exercicio5.ConsoleApp1.csproj", "{80E03577-71DD-4E17-A0CE-C0A21D8C483B}"
EndProject
Project("{2150E333-8FDC-42A3-9474-1A3956D46DE8}") = "Exercicio 6", "Exercicio 6", "{F1B83958-724F-48E5-957B-4AC9F29E4033}"
EndProject
Project("{9A19103F-16F7-4668-BE54-9A1E7A4F7556}") = "Exercicio6.ConsoleApp1", "Exercicio6.ConsoleApp1\Exercicio6.ConsoleApp1.csproj", "{F415DEAA-347F-415F-B581-7524847232D3}"
EndProject
Project("{2150E333-8FDC-42A3-9474-1A3956D46DE8}") = "Exercicio 7", "Exercicio 7", "{4E665341-2333-459B-A902-8330DD41409D}"
EndProject
Project("{9A19103F-16F7-4668-BE54-9A1E7A4F7556}") = "Exercicio7.ConsoleApp1", "Exercicio7.ConsoleApp1\Exercicio7.ConsoleApp1.csproj", "{E4F8CEC5-6AEF-4AF9-BC37-3E368A2DDAF8}"
EndProject
Project("{2150E333-8FDC-42A3-9474-1A3956D46DE8}") = "Exercicio 8", "Exercicio 8", "{7D8BD490-8F31-4900-89CF-FC0E73B7E02C}"
EndProject
Project("{9A19103F-16F7-4668-BE54-9A1E7A4F7556}") = "Exercicio8.ConsoleApp1", "Exercicio8.ConsoleApp1\Exercicio8.ConsoleApp1.csproj", "{11A40516-2E68-4D55-8033-16B80C72A93D}"
EndProject
Project("{2150E333-8FDC-42A3-9474-1A3956D46DE8}") = "Exercicio 9", "Exercicio 9", "{59F7AAEC-8A73-463F-8B4B-A454447B3D59}"
EndProject
Project("{9A19103F-16F7-4668-BE54-9A1E7A4F7556}") = "Exercicio9.ConsoleApp1", "Exercicio9.ConsoleApp1\Exercicio9.ConsoleApp1.csproj", "{9E3D931A-61D6-4B7F-BFBD-D8F28031F16C}"
EndProject
Project("{2150E333-8FDC-42A3-9474-1A3956D46DE8}") = "Exercicio 10", "Exercicio 10", "{31BB3DA7-22A4-4677-B09C-62766757B28E}"
EndProject
Project("{9A19103F-16F7-4668-BE54-9A1E7A4F7556}") = "Exercicio10.ConsoleApp1", "Exercicio10.ConsoleApp1\Exercicio10.ConsoleApp1.csproj", "{A24CEC3E-DED0-4980-8453-23F123FA6CC4}"
EndProject
Project("{2150E333-8FDC-42A3-9474-1A3956D46DE8}") = "Exercicio 12", "Exercicio 12", "{BFABAC0E-C881-42A1-BA1A-7CEB5F43A46B}"
EndProject
Project("{FAE04EC0-301F-11D3-BF4B-00C04F79EFBC}") = "Exercicio12.ConsoleApp1", "Exercicio12.ConsoleApp1\Exercicio12.ConsoleApp1.csproj", "{CBB14E4B-09F1-432B-826A-0E4B9257D236}"
EndProject
Project("{2150E333-8FDC-42A3-9474-1A3956D46DE8}") = "Exercicio 13", "Exercicio 13", "{07B0B079-64F0-4B3B-9725-DAB0914609EC}"
EndProject
Project("{FAE04EC0-301F-11D3-BF4B-00C04F79EFBC}") = "Exercicio13.ConsoleApp1", "Exercicio13.ConsoleApp1\Exercicio13.ConsoleApp1.csproj", "{B5771DB0-5DD5-4D3B-8424-60A21B0FBD13}"
EndProject
Global
	GlobalSection(SolutionConfigurationPlatforms) = preSolution
		Debug|Any CPU = Debug|Any CPU
		Release|Any CPU = Release|Any CPU
	EndGlobalSection
	GlobalSection(ProjectConfigurationPlatforms) = postSolution
		{7C5FE09E-CE35-45B5-BB94-B91AE6649325}.Debug|Any CPU.ActiveCfg = Debug|Any CPU
		{7C5FE09E-CE35-45B5-BB94-B91AE6649325}.Debug|Any CPU.Build.0 = Debug|Any CPU
		{7C5FE09E-CE35-45B5-BB94-B91AE6649325}.Release|Any CPU.ActiveCfg = Release|Any CPU
		{7C5FE09E-CE35-45B5-BB94-B91AE6649325}.Release|Any CPU.Build.0 = Release|Any CPU
		{433070A4-F984-41D0-B742-B3FB6D63AA68}.Debug|Any CPU.ActiveCfg = Debug|Any CPU
		{433070A4-F984-41D0-B742-B3FB6D63AA68}.Debug|Any CPU.Build.0 = Debug|Any CPU
		{433070A4-F984-41D0-B742-B3FB6D63AA68}.Release|Any CPU.ActiveCfg = Release|Any CPU
		{433070A4-F984-41D0-B742-B3FB6D63AA68}.Release|Any CPU.Build.0 = Release|Any CPU
		{2C1DF002-56B7-4BC5-99F6-82894BC1D175}.Debug|Any CPU.ActiveCfg = Debug|Any CPU
		{2C1DF002-56B7-4BC5-99F6-82894BC1D175}.Debug|Any CPU.Build.0 = Debug|Any CPU
		{2C1DF002-56B7-4BC5-99F6-82894BC1D175}.Release|Any CPU.ActiveCfg = Release|Any CPU
		{2C1DF002-56B7-4BC5-99F6-82894BC1D175}.Release|Any CPU.Build.0 = Release|Any CPU
		{242906E5-FDDF-448D-9A2B-B33CA95518D4}.Debug|Any CPU.ActiveCfg = Debug|Any CPU
		{242906E5-FDDF-448D-9A2B-B33CA95518D4}.Debug|Any CPU.Build.0 = Debug|Any CPU
		{242906E5-FDDF-448D-9A2B-B33CA95518D4}.Release|Any CPU.ActiveCfg = Release|Any CPU
		{242906E5-FDDF-448D-9A2B-B33CA95518D4}.Release|Any CPU.Build.0 = Release|Any CPU
		{80E03577-71DD-4E17-A0CE-C0A21D8C483B}.Debug|Any CPU.ActiveCfg = Debug|Any CPU
		{80E03577-71DD-4E17-A0CE-C0A21D8C483B}.Debug|Any CPU.Build.0 = Debug|Any CPU
		{80E03577-71DD-4E17-A0CE-C0A21D8C483B}.Release|Any CPU.ActiveCfg = Release|Any CPU
		{80E03577-71DD-4E17-A0CE-C0A21D8C483B}.Release|Any CPU.Build.0 = Release|Any CPU
		{F415DEAA-347F-415F-B581-7524847232D3}.Debug|Any CPU.ActiveCfg = Debug|Any CPU
		{F415DEAA-347F-415F-B581-7524847232D3}.Debug|Any CPU.Build.0 = Debug|Any CPU
		{F415DEAA-347F-415F-B581-7524847232D3}.Release|Any CPU.ActiveCfg = Release|Any CPU
		{F415DEAA-347F-415F-B581-7524847232D3}.Release|Any CPU.Build.0 = Release|Any CPU
		{E4F8CEC5-6AEF-4AF9-BC37-3E368A2DDAF8}.Debug|Any CPU.ActiveCfg = Debug|Any CPU
		{E4F8CEC5-6AEF-4AF9-BC37-3E368A2DDAF8}.Debug|Any CPU.Build.0 = Debug|Any CPU
		{E4F8CEC5-6AEF-4AF9-BC37-3E368A2DDAF8}.Release|Any CPU.ActiveCfg = Release|Any CPU
		{E4F8CEC5-6AEF-4AF9-BC37-3E368A2DDAF8}.Release|Any CPU.Build.0 = Release|Any CPU
		{11A40516-2E68-4D55-8033-16B80C72A93D}.Debug|Any CPU.ActiveCfg = Debug|Any CPU
		{11A40516-2E68-4D55-8033-16B80C72A93D}.Debug|Any CPU.Build.0 = Debug|Any CPU
		{11A40516-2E68-4D55-8033-16B80C72A93D}.Release|Any CPU.ActiveCfg = Release|Any CPU
		{11A40516-2E68-4D55-8033-16B80C72A93D}.Release|Any CPU.Build.0 = Release|Any CPU
		{9E3D931A-61D6-4B7F-BFBD-D8F28031F16C}.Debug|Any CPU.ActiveCfg = Debug|Any CPU
		{9E3D931A-61D6-4B7F-BFBD-D8F28031F16C}.Debug|Any CPU.Build.0 = Debug|Any CPU
		{9E3D931A-61D6-4B7F-BFBD-D8F28031F16C}.Release|Any CPU.ActiveCfg = Release|Any CPU
		{9E3D931A-61D6-4B7F-BFBD-D8F28031F16C}.Release|Any CPU.Build.0 = Release|Any CPU
		{A24CEC3E-DED0-4980-8453-23F123FA6CC4}.Debug|Any CPU.ActiveCfg = Debug|Any CPU
		{A24CEC3E-DED0-4980-8453-23F123FA6CC4}.Debug|Any CPU.Build.0 = Debug|Any CPU
		{A24CEC3E-DED0-4980-8453-23F123FA6CC4}.Release|Any CPU.ActiveCfg = Release|Any CPU
		{A24CEC3E-DED0-4980-8453-23F123FA6CC4}.Release|Any CPU.Build.0 = Release|Any CPU
		{CBB14E4B-09F1-432B-826A-0E4B9257D236}.Debug|Any CPU.ActiveCfg = Debug|Any CPU
		{CBB14E4B-09F1-432B-826A-0E4B9257D236}.Debug|Any CPU.Build.0 = Debug|Any CPU
		{CBB14E4B-09F1-432B-826A-0E4B9257D236}.Release|Any CPU.ActiveCfg = Release|Any CPU
		{CBB14E4B-09F1-432B-826A-0E4B9257D236}.Release|Any CPU.Build.0 = Release|Any CPU
		{B5771DB0-5DD5-4D3B-8424-60A21B0FBD13}.Debug|Any CPU.ActiveCfg = Debug|Any CPU
		{B5771DB0-5DD5-4D3B-8424-60A21B0FBD13}.Debug|Any CPU.Build.0 = Debug|Any CPU
		{B5771DB0-5DD5-4D3B-8424-60A21B0FBD13}.Release|Any CPU.ActiveCfg = Release|Any CPU
		{B5771DB0-5DD5-4D3B-8424-60A21B0FBD13}.Release|Any CPU.Build.0 = Release|Any CPU
	EndGlobalSection
	GlobalSection(SolutionProperties) = preSolution
		HideSolutionNode = FALSE
	EndGlobalSection
	GlobalSection(NestedProjects) = preSolution
		{7C5FE09E-CE35-45B5-BB94-B91AE6649325} = {7A6E6B41-9091-4448-A49F-4B2334E5B3F2}
		{433070A4-F984-41D0-B742-B3FB6D63AA68} = {546DB70F-625F-4B0E-AA01-C1E6B879D341}
		{2C1DF002-56B7-4BC5-99F6-82894BC1D175} = {B7DA3C1A-8D49-4BCB-B08C-508073AF8AA0}
		{242906E5-FDDF-448D-9A2B-B33CA95518D4} = {96089595-288A-47B7-B837-692839633192}
		{80E03577-71DD-4E17-A0CE-C0A21D8C483B} = {80171E43-E466-47AB-8E92-30417DF5A6AB}
		{F415DEAA-347F-415F-B581-7524847232D3} = {F1B83958-724F-48E5-957B-4AC9F29E4033}
		{E4F8CEC5-6AEF-4AF9-BC37-3E368A2DDAF8} = {4E665341-2333-459B-A902-8330DD41409D}
		{11A40516-2E68-4D55-8033-16B80C72A93D} = {7D8BD490-8F31-4900-89CF-FC0E73B7E02C}
		{9E3D931A-61D6-4B7F-BFBD-D8F28031F16C} = {59F7AAEC-8A73-463F-8B4B-A454447B3D59}
		{A24CEC3E-DED0-4980-8453-23F123FA6CC4} = {31BB3DA7-22A4-4677-B09C-62766757B28E}
		{CBB14E4B-09F1-432B-826A-0E4B9257D236} = {BFABAC0E-C881-42A1-BA1A-7CEB5F43A46B}
		{B5771DB0-5DD5-4D3B-8424-60A21B0FBD13} = {07B0B079-64F0-4B3B-9725-DAB0914609EC}
	EndGlobalSection
	GlobalSection(ExtensibilityGlobals) = postSolution
		SolutionGuid = {39CCE9DC-0F34-4C83-A1CE-6E01B36C8FA7}
	EndGlobalSection
EndGlobal
